
Microsoft Visual Studio Solution File, Format Version 12.00
# Visual Studio Version 17
VisualStudioVersion = 17.3.32819.101
MinimumVisualStudioVersion = 10.0.40219.1
Project("{FAE04EC0-301F-11D3-BF4B-00C04F79EFBC}") = "SplitwiseCLI", "SplitwiseCLI\SplitwiseCLI.csproj", "{BD6E18F9-57D7-427F-8782-5750454A2C3E}"
EndProject
Global
	GlobalSection(SolutionConfigurationPlatforms) = preSolution
		Debug|Any CPU = Debug|Any CPU
		Release|Any CPU = Release|Any CPU
	EndGlobalSection
	GlobalSection(ProjectConfigurationPlatforms) = postSolution
		{BD6E18F9-57D7-427F-8782-5750454A2C3E}.Debug|Any CPU.ActiveCfg = Debug|Any CPU
		{BD6E18F9-57D7-427F-8782-5750454A2C3E}.Debug|Any CPU.Build.0 = Debug|Any CPU
		{BD6E18F9-57D7-427F-8782-5750454A2C3E}.Release|Any CPU.ActiveCfg = Release|Any CPU
		{BD6E18F9-57D7-427F-8782-5750454A2C3E}.Release|Any CPU.Build.0 = Release|Any CPU
	EndGlobalSection
	GlobalSection(SolutionProperties) = preSolution
		HideSolutionNode = FALSE
	EndGlobalSection
	GlobalSection(ExtensibilityGlobals) = postSolution
		SolutionGuid = {990C06AB-0469-436D-A4DD-B27D41CE5183}
	EndGlobalSection
EndGlobal
